
Microsoft Visual Studio Solution File, Format Version 12.00
# Visual Studio Version 17
VisualStudioVersion = 17.0.31903.59
MinimumVisualStudioVersion = 10.0.40219.1
Project("{FAE04EC0-301F-11D3-BF4B-00C04F79EFBC}") = "MerchantCurrencyUpdate", "MerchantCurrencyUpdate\MerchantCurrencyUpdate.csproj", "{CEA04A98-7F85-45F5-A671-53ED463B4205}"
EndProject
Project("{FAE04EC0-301F-11D3-BF4B-00C04F79EFBC}") = "CurrencyGetterApp", "CurrencyGetterApp\CurrencyGetterApp.csproj", "{8AB51BF7-7F56-43CB-9F71-F13E14C23230}"
EndProject
Global
	GlobalSection(SolutionConfigurationPlatforms) = preSolution
		Debug|Any CPU = Debug|Any CPU
		Release|Any CPU = Release|Any CPU
	EndGlobalSection
	GlobalSection(ProjectConfigurationPlatforms) = postSolution
		{CEA04A98-7F85-45F5-A671-53ED463B4205}.Debug|Any CPU.ActiveCfg = Debug|Any CPU
		{CEA04A98-7F85-45F5-A671-53ED463B4205}.Debug|Any CPU.Build.0 = Debug|Any CPU
		{CEA04A98-7F85-45F5-A671-53ED463B4205}.Release|Any CPU.ActiveCfg = Release|Any CPU
		{CEA04A98-7F85-45F5-A671-53ED463B4205}.Release|Any CPU.Build.0 = Release|Any CPU
		{8AB51BF7-7F56-43CB-9F71-F13E14C23230}.Debug|Any CPU.ActiveCfg = Debug|Any CPU
		{8AB51BF7-7F56-43CB-9F71-F13E14C23230}.Debug|Any CPU.Build.0 = Debug|Any CPU
		{8AB51BF7-7F56-43CB-9F71-F13E14C23230}.Release|Any CPU.ActiveCfg = Release|Any CPU
		{8AB51BF7-7F56-43CB-9F71-F13E14C23230}.Release|Any CPU.Build.0 = Release|Any CPU
	EndGlobalSection
	GlobalSection(SolutionProperties) = preSolution
		HideSolutionNode = FALSE
	EndGlobalSection
	GlobalSection(ExtensibilityGlobals) = postSolution
		SolutionGuid = {350C3040-C036-4BB7-BD23-F0199EA58E54}
	EndGlobalSection
EndGlobal
